// !$*UTF8*$!
{
	archiveVersion = 1;
	classes = {
	};
	objectVersion = 46;
	objects = {

/* Begin PBXBuildFile section */
		6D0CE38F45AD04A73A441619 /* Pods_HappySwiftInstaClientTests.framework in Frameworks */ = {isa = PBXBuildFile; fileRef = 32C53707B09F3498FBCB729D /* Pods_HappySwiftInstaClientTests.framework */; };
		DA554D854BF71F285D08DA2A /* Pods_HappySwiftInstaClient.framework in Frameworks */ = {isa = PBXBuildFile; fileRef = 232793DF98252C2B5D29A725 /* Pods_HappySwiftInstaClient.framework */; };
		E98A50351DCBDAAE0077A5A9 /* AppDelegate.swift in Sources */ = {isa = PBXBuildFile; fileRef = E98A50341DCBDAAE0077A5A9 /* AppDelegate.swift */; };
		E98A50371DCBDAAE0077A5A9 /* ViewController.swift in Sources */ = {isa = PBXBuildFile; fileRef = E98A50361DCBDAAE0077A5A9 /* ViewController.swift */; };
		E98A503A1DCBDAAE0077A5A9 /* Main.storyboard in Resources */ = {isa = PBXBuildFile; fileRef = E98A50381DCBDAAE0077A5A9 /* Main.storyboard */; };
		E98A503C1DCBDAAE0077A5A9 /* Assets.xcassets in Resources */ = {isa = PBXBuildFile; fileRef = E98A503B1DCBDAAE0077A5A9 /* Assets.xcassets */; };
		E98A503F1DCBDAAE0077A5A9 /* LaunchScreen.storyboard in Resources */ = {isa = PBXBuildFile; fileRef = E98A503D1DCBDAAE0077A5A9 /* LaunchScreen.storyboard */; };
		E98A504A1DCBDAAE0077A5A9 /* HappySwiftInstaClientTests.swift in Sources */ = {isa = PBXBuildFile; fileRef = E98A50491DCBDAAE0077A5A9 /* HappySwiftInstaClientTests.swift */; };
		E99C708D1DCF318B001C751D /* ImageCollectionViewCell.swift in Sources */ = {isa = PBXBuildFile; fileRef = E99C708C1DCF318B001C751D /* ImageCollectionViewCell.swift */; };
		E99C708F1DCF51F9001C751D /* SinglePhotoViewController.swift in Sources */ = {isa = PBXBuildFile; fileRef = E99C708E1DCF51F9001C751D /* SinglePhotoViewController.swift */; };
/* End PBXBuildFile section */

/* Begin PBXContainerItemProxy section */
		E98A50461DCBDAAE0077A5A9 /* PBXContainerItemProxy */ = {
			isa = PBXContainerItemProxy;
			containerPortal = E98A50291DCBDAAD0077A5A9 /* Project object */;
			proxyType = 1;
			remoteGlobalIDString = E98A50301DCBDAAD0077A5A9;
			remoteInfo = HappySwiftInstaClient;
		};
/* End PBXContainerItemProxy section */

/* Begin PBXFileReference section */
		1AB4CE2E79AB9D05C7FC7A14 /* Pods-HappySwiftInstaClient.release.xcconfig */ = {isa = PBXFileReference; includeInIndex = 1; lastKnownFileType = text.xcconfig; name = "Pods-HappySwiftInstaClient.release.xcconfig"; path = "Pods/Target Support Files/Pods-HappySwiftInstaClient/Pods-HappySwiftInstaClient.release.xcconfig"; sourceTree = "<group>"; };
		232793DF98252C2B5D29A725 /* Pods_HappySwiftInstaClient.framework */ = {isa = PBXFileReference; explicitFileType = wrapper.framework; includeInIndex = 0; path = Pods_HappySwiftInstaClient.framework; sourceTree = BUILT_PRODUCTS_DIR; };
		32C53707B09F3498FBCB729D /* Pods_HappySwiftInstaClientTests.framework */ = {isa = PBXFileReference; explicitFileType = wrapper.framework; includeInIndex = 0; path = Pods_HappySwiftInstaClientTests.framework; sourceTree = BUILT_PRODUCTS_DIR; };
		38F39B39160F26509EE11AE0 /* Pods-HappySwiftInstaClientTests.debug.xcconfig */ = {isa = PBXFileReference; includeInIndex = 1; lastKnownFileType = text.xcconfig; name = "Pods-HappySwiftInstaClientTests.debug.xcconfig"; path = "Pods/Target Support Files/Pods-HappySwiftInstaClientTests/Pods-HappySwiftInstaClientTests.debug.xcconfig"; sourceTree = "<group>"; };
		A0A0B9BB408121A6279D3207 /* Pods-HappySwiftInstaClientTests.release.xcconfig */ = {isa = PBXFileReference; includeInIndex = 1; lastKnownFileType = text.xcconfig; name = "Pods-HappySwiftInstaClientTests.release.xcconfig"; path = "Pods/Target Support Files/Pods-HappySwiftInstaClientTests/Pods-HappySwiftInstaClientTests.release.xcconfig"; sourceTree = "<group>"; };
		E98A50311DCBDAAE0077A5A9 /* HappySwiftInstaClient.app */ = {isa = PBXFileReference; explicitFileType = wrapper.application; includeInIndex = 0; path = HappySwiftInstaClient.app; sourceTree = BUILT_PRODUCTS_DIR; };
		E98A50341DCBDAAE0077A5A9 /* AppDelegate.swift */ = {isa = PBXFileReference; lastKnownFileType = sourcecode.swift; path = AppDelegate.swift; sourceTree = "<group>"; };
		E98A50361DCBDAAE0077A5A9 /* ViewController.swift */ = {isa = PBXFileReference; lastKnownFileType = sourcecode.swift; path = ViewController.swift; sourceTree = "<group>"; };
		E98A50391DCBDAAE0077A5A9 /* Base */ = {isa = PBXFileReference; lastKnownFileType = file.storyboard; name = Base; path = Base.lproj/Main.storyboard; sourceTree = "<group>"; };
		E98A503B1DCBDAAE0077A5A9 /* Assets.xcassets */ = {isa = PBXFileReference; lastKnownFileType = folder.assetcatalog; path = Assets.xcassets; sourceTree = "<group>"; };
		E98A503E1DCBDAAE0077A5A9 /* Base */ = {isa = PBXFileReference; lastKnownFileType = file.storyboard; name = Base; path = Base.lproj/LaunchScreen.storyboard; sourceTree = "<group>"; };
		E98A50401DCBDAAE0077A5A9 /* Info.plist */ = {isa = PBXFileReference; lastKnownFileType = text.plist.xml; path = Info.plist; sourceTree = "<group>"; };
		E98A50451DCBDAAE0077A5A9 /* HappySwiftInstaClientTests.xctest */ = {isa = PBXFileReference; explicitFileType = wrapper.cfbundle; includeInIndex = 0; path = HappySwiftInstaClientTests.xctest; sourceTree = BUILT_PRODUCTS_DIR; };
		E98A50491DCBDAAE0077A5A9 /* HappySwiftInstaClientTests.swift */ = {isa = PBXFileReference; lastKnownFileType = sourcecode.swift; path = HappySwiftInstaClientTests.swift; sourceTree = "<group>"; };
		E98A504B1DCBDAAE0077A5A9 /* Info.plist */ = {isa = PBXFileReference; lastKnownFileType = text.plist.xml; path = Info.plist; sourceTree = "<group>"; };
		E99C708C1DCF318B001C751D /* ImageCollectionViewCell.swift */ = {isa = PBXFileReference; fileEncoding = 4; lastKnownFileType = sourcecode.swift; path = ImageCollectionViewCell.swift; sourceTree = "<group>"; };
		E99C708E1DCF51F9001C751D /* SinglePhotoViewController.swift */ = {isa = PBXFileReference; fileEncoding = 4; lastKnownFileType = sourcecode.swift; name = SinglePhotoViewController.swift; path = ../SinglePhotoViewController.swift; sourceTree = "<group>"; };
		FBEE4D6EB2571D7DA6609CDF /* Pods-HappySwiftInstaClient.debug.xcconfig */ = {isa = PBXFileReference; includeInIndex = 1; lastKnownFileType = text.xcconfig; name = "Pods-HappySwiftInstaClient.debug.xcconfig"; path = "Pods/Target Support Files/Pods-HappySwiftInstaClient/Pods-HappySwiftInstaClient.debug.xcconfig"; sourceTree = "<group>"; };
/* End PBXFileReference section */

/* Begin PBXFrameworksBuildPhase section */
		E98A502E1DCBDAAD0077A5A9 /* Frameworks */ = {
			isa = PBXFrameworksBuildPhase;
			buildActionMask = 2147483647;
			files = (
				DA554D854BF71F285D08DA2A /* Pods_HappySwiftInstaClient.framework in Frameworks */,
			);
			runOnlyForDeploymentPostprocessing = 0;
		};
		E98A50421DCBDAAE0077A5A9 /* Frameworks */ = {
			isa = PBXFrameworksBuildPhase;
			buildActionMask = 2147483647;
			files = (
				6D0CE38F45AD04A73A441619 /* Pods_HappySwiftInstaClientTests.framework in Frameworks */,
			);
			runOnlyForDeploymentPostprocessing = 0;
		};
/* End PBXFrameworksBuildPhase section */

/* Begin PBXGroup section */
		23AA76C83A38693175F2CC28 /* Pods */ = {
			isa = PBXGroup;
			children = (
				FBEE4D6EB2571D7DA6609CDF /* Pods-HappySwiftInstaClient.debug.xcconfig */,
				1AB4CE2E79AB9D05C7FC7A14 /* Pods-HappySwiftInstaClient.release.xcconfig */,
				38F39B39160F26509EE11AE0 /* Pods-HappySwiftInstaClientTests.debug.xcconfig */,
				A0A0B9BB408121A6279D3207 /* Pods-HappySwiftInstaClientTests.release.xcconfig */,
			);
			name = Pods;
			sourceTree = "<group>";
		};
		4C7FBB5862DA88B8CD9EAD7C /* Frameworks */ = {
			isa = PBXGroup;
			children = (
				232793DF98252C2B5D29A725 /* Pods_HappySwiftInstaClient.framework */,
				32C53707B09F3498FBCB729D /* Pods_HappySwiftInstaClientTests.framework */,
			);
			name = Frameworks;
			sourceTree = "<group>";
		};
		E98A50281DCBDAAD0077A5A9 = {
			isa = PBXGroup;
			children = (
				E98A50331DCBDAAE0077A5A9 /* HappySwiftInstaClient */,
				E98A50481DCBDAAE0077A5A9 /* HappySwiftInstaClientTests */,
				E98A50321DCBDAAE0077A5A9 /* Products */,
				23AA76C83A38693175F2CC28 /* Pods */,
				4C7FBB5862DA88B8CD9EAD7C /* Frameworks */,
			);
			sourceTree = "<group>";
		};
		E98A50321DCBDAAE0077A5A9 /* Products */ = {
			isa = PBXGroup;
			children = (
				E98A50311DCBDAAE0077A5A9 /* HappySwiftInstaClient.app */,
				E98A50451DCBDAAE0077A5A9 /* HappySwiftInstaClientTests.xctest */,
			);
			name = Products;
			sourceTree = "<group>";
		};
		E98A50331DCBDAAE0077A5A9 /* HappySwiftInstaClient */ = {
			isa = PBXGroup;
			children = (
				E99C708E1DCF51F9001C751D /* SinglePhotoViewController.swift */,
				E98A50341DCBDAAE0077A5A9 /* AppDelegate.swift */,
				E98A50361DCBDAAE0077A5A9 /* ViewController.swift */,
				E98A50381DCBDAAE0077A5A9 /* Main.storyboard */,
				E99C708C1DCF318B001C751D /* ImageCollectionViewCell.swift */,
				E98A503B1DCBDAAE0077A5A9 /* Assets.xcassets */,
				E98A503D1DCBDAAE0077A5A9 /* LaunchScreen.storyboard */,
				E98A50401DCBDAAE0077A5A9 /* Info.plist */,
			);
			path = HappySwiftInstaClient;
			sourceTree = "<group>";
		};
		E98A50481DCBDAAE0077A5A9 /* HappySwiftInstaClientTests */ = {
			isa = PBXGroup;
			children = (
				E98A50491DCBDAAE0077A5A9 /* HappySwiftInstaClientTests.swift */,
				E98A504B1DCBDAAE0077A5A9 /* Info.plist */,
			);
			path = HappySwiftInstaClientTests;
			sourceTree = "<group>";
		};
/* End PBXGroup section */

/* Begin PBXNativeTarget section */
		E98A50301DCBDAAD0077A5A9 /* HappySwiftInstaClient */ = {
			isa = PBXNativeTarget;
			buildConfigurationList = E98A504E1DCBDAAE0077A5A9 /* Build configuration list for PBXNativeTarget "HappySwiftInstaClient" */;
			buildPhases = (
				E645B96E64B351C19D767003 /* [CP] Check Pods Manifest.lock */,
				E98A502D1DCBDAAD0077A5A9 /* Sources */,
				E98A502E1DCBDAAD0077A5A9 /* Frameworks */,
				E98A502F1DCBDAAD0077A5A9 /* Resources */,
				F7DC8988896C51EC93988131 /* [CP] Embed Pods Frameworks */,
				EE3388429A0065B594DF5F96 /* [CP] Copy Pods Resources */,
			);
			buildRules = (
			);
			dependencies = (
			);
			name = HappySwiftInstaClient;
			productName = HappySwiftInstaClient;
			productReference = E98A50311DCBDAAE0077A5A9 /* HappySwiftInstaClient.app */;
			productType = "com.apple.product-type.application";
		};
		E98A50441DCBDAAE0077A5A9 /* HappySwiftInstaClientTests */ = {
			isa = PBXNativeTarget;
			buildConfigurationList = E98A50511DCBDAAE0077A5A9 /* Build configuration list for PBXNativeTarget "HappySwiftInstaClientTests" */;
			buildPhases = (
				975BE487B81C7968D9C0A3B9 /* [CP] Check Pods Manifest.lock */,
				E98A50411DCBDAAE0077A5A9 /* Sources */,
				E98A50421DCBDAAE0077A5A9 /* Frameworks */,
				E98A50431DCBDAAE0077A5A9 /* Resources */,
				8769FFE0A3D4AA3F26E92652 /* [CP] Embed Pods Frameworks */,
				C3226514BC97C403C9763E8D /* [CP] Copy Pods Resources */,
			);
			buildRules = (
			);
			dependencies = (
				E98A50471DCBDAAE0077A5A9 /* PBXTargetDependency */,
			);
			name = HappySwiftInstaClientTests;
			productName = HappySwiftInstaClientTests;
			productReference = E98A50451DCBDAAE0077A5A9 /* HappySwiftInstaClientTests.xctest */;
			productType = "com.apple.product-type.bundle.unit-test";
		};
/* End PBXNativeTarget section */

/* Begin PBXProject section */
		E98A50291DCBDAAD0077A5A9 /* Project object */ = {
			isa = PBXProject;
			attributes = {
				LastSwiftUpdateCheck = 0800;
				LastUpgradeCheck = 0800;
				ORGANIZATIONNAME = pavel;
				TargetAttributes = {
					E98A50301DCBDAAD0077A5A9 = {
						CreatedOnToolsVersion = 8.0;
						ProvisioningStyle = Automatic;
					};
					E98A50441DCBDAAE0077A5A9 = {
						CreatedOnToolsVersion = 8.0;
						ProvisioningStyle = Automatic;
						TestTargetID = E98A50301DCBDAAD0077A5A9;
					};
				};
			};
			buildConfigurationList = E98A502C1DCBDAAD0077A5A9 /* Build configuration list for PBXProject "HappySwiftInstaClient" */;
			compatibilityVersion = "Xcode 3.2";
			developmentRegion = English;
			hasScannedForEncodings = 0;
			knownRegions = (
				en,
				Base,
			);
			mainGroup = E98A50281DCBDAAD0077A5A9;
			productRefGroup = E98A50321DCBDAAE0077A5A9 /* Products */;
			projectDirPath = "";
			projectRoot = "";
			targets = (
				E98A50301DCBDAAD0077A5A9 /* HappySwiftInstaClient */,
				E98A50441DCBDAAE0077A5A9 /* HappySwiftInstaClientTests */,
			);
		};
/* End PBXProject section */

/* Begin PBXResourcesBuildPhase section */
		E98A502F1DCBDAAD0077A5A9 /* Resources */ = {
			isa = PBXResourcesBuildPhase;
			buildActionMask = 2147483647;
			files = (
				E98A503F1DCBDAAE0077A5A9 /* LaunchScreen.storyboard in Resources */,
				E98A503C1DCBDAAE0077A5A9 /* Assets.xcassets in Resources */,
				E98A503A1DCBDAAE0077A5A9 /* Main.storyboard in Resources */,
			);
			runOnlyForDeploymentPostprocessing = 0;
		};
		E98A50431DCBDAAE0077A5A9 /* Resources */ = {
			isa = PBXResourcesBuildPhase;
			buildActionMask = 2147483647;
			files = (
			);
			runOnlyForDeploymentPostprocessing = 0;
		};
/* End PBXResourcesBuildPhase section */

/* Begin PBXShellScriptBuildPhase section */
		8769FFE0A3D4AA3F26E92652 /* [CP] Embed Pods Frameworks */ = {
			isa = PBXShellScriptBuildPhase;
			buildActionMask = 2147483647;
			files = (
			);
			inputPaths = (
			);
			name = "[CP] Embed Pods Frameworks";
			outputPaths = (
			);
			runOnlyForDeploymentPostprocessing = 0;
			shellPath = /bin/sh;
			shellScript = "\"${SRCROOT}/Pods/Target Support Files/Pods-HappySwiftInstaClientTests/Pods-HappySwiftInstaClientTests-frameworks.sh\"\n";
			showEnvVarsInLog = 0;
		};
		975BE487B81C7968D9C0A3B9 /* [CP] Check Pods Manifest.lock */ = {
			isa = PBXShellScriptBuildPhase;
			buildActionMask = 2147483647;
			files = (
			);
			inputPaths = (
			);
			name = "[CP] Check Pods Manifest.lock";
			outputPaths = (
			);
			runOnlyForDeploymentPostprocessing = 0;
			shellPath = /bin/sh;
			shellScript = "diff \"${PODS_ROOT}/../Podfile.lock\" \"${PODS_ROOT}/Manifest.lock\" > /dev/null\nif [ $? != 0 ] ; then\n    # print error to STDERR\n    echo \"error: The sandbox is not in sync with the Podfile.lock. Run 'pod install' or update your CocoaPods installation.\" >&2\n    exit 1\nfi\n";
			showEnvVarsInLog = 0;
		};
		C3226514BC97C403C9763E8D /* [CP] Copy Pods Resources */ = {
			isa = PBXShellScriptBuildPhase;
			buildActionMask = 2147483647;
			files = (
			);
			inputPaths = (
			);
			name = "[CP] Copy Pods Resources";
			outputPaths = (
			);
			runOnlyForDeploymentPostprocessing = 0;
			shellPath = /bin/sh;
			shellScript = "\"${SRCROOT}/Pods/Target Support Files/Pods-HappySwiftInstaClientTests/Pods-HappySwiftInstaClientTests-resources.sh\"\n";
			showEnvVarsInLog = 0;
		};
		E645B96E64B351C19D767003 /* [CP] Check Pods Manifest.lock */ = {
			isa = PBXShellScriptBuildPhase;
			buildActionMask = 2147483647;
			files = (
			);
			inputPaths = (
			);
			name = "[CP] Check Pods Manifest.lock";
			outputPaths = (
			);
			runOnlyForDeploymentPostprocessing = 0;
			shellPath = /bin/sh;
			shellScript = "diff \"${PODS_ROOT}/../Podfile.lock\" \"${PODS_ROOT}/Manifest.lock\" > /dev/null\nif [ $? != 0 ] ; then\n    # print error to STDERR\n    echo \"error: The sandbox is not in sync with the Podfile.lock. Run 'pod install' or update your CocoaPods installation.\" >&2\n    exit 1\nfi\n";
			showEnvVarsInLog = 0;
		};
		EE3388429A0065B594DF5F96 /* [CP] Copy Pods Resources */ = {
			isa = PBXShellScriptBuildPhase;
			buildActionMask = 2147483647;
			files = (
			);
			inputPaths = (
			);
			name = "[CP] Copy Pods Resources";
			outputPaths = (
			);
			runOnlyForDeploymentPostprocessing = 0;
			shellPath = /bin/sh;
			shellScript = "\"${SRCROOT}/Pods/Target Support Files/Pods-HappySwiftInstaClient/Pods-HappySwiftInstaClient-resources.sh\"\n";
			showEnvVarsInLog = 0;
		};
		F7DC8988896C51EC93988131 /* [CP] Embed Pods Frameworks */ = {
			isa = PBXShellScriptBuildPhase;
			buildActionMask = 2147483647;
			files = (
			);
			inputPaths = (
			);
			name = "[CP] Embed Pods Frameworks";
			outputPaths = (
			);
			runOnlyForDeploymentPostprocessing = 0;
			shellPath = /bin/sh;
			shellScript = "\"${SRCROOT}/Pods/Target Support Files/Pods-HappySwiftInstaClient/Pods-HappySwiftInstaClient-frameworks.sh\"\n";
			showEnvVarsInLog = 0;
		};
/* End PBXShellScriptBuildPhase section */

/* Begin PBXSourcesBuildPhase section */
		E98A502D1DCBDAAD0077A5A9 /* Sources */ = {
			isa = PBXSourcesBuildPhase;
			buildActionMask = 2147483647;
			files = (
				E98A50371DCBDAAE0077A5A9 /* ViewController.swift in Sources */,
				E99C708F1DCF51F9001C751D /* SinglePhotoViewController.swift in Sources */,
				E99C708D1DCF318B001C751D /* ImageCollectionViewCell.swift in Sources */,
				E98A50351DCBDAAE0077A5A9 /* AppDelegate.swift in Sources */,
			);
			runOnlyForDeploymentPostprocessing = 0;
		};
		E98A50411DCBDAAE0077A5A9 /* Sources */ = {
			isa = PBXSourcesBuildPhase;
			buildActionMask = 2147483647;
			files = (
				E98A504A1DCBDAAE0077A5A9 /* HappySwiftInstaClientTests.swift in Sources */,
			);
			runOnlyForDeploymentPostprocessing = 0;
		};
/* End PBXSourcesBuildPhase section */

/* Begin PBXTargetDependency section */
		E98A50471DCBDAAE0077A5A9 /* PBXTargetDependency */ = {
			isa = PBXTargetDependency;
			target = E98A50301DCBDAAD0077A5A9 /* HappySwiftInstaClient */;
			targetProxy = E98A50461DCBDAAE0077A5A9 /* PBXContainerItemProxy */;
		};
/* End PBXTargetDependency section */

/* Begin PBXVariantGroup section */
		E98A50381DCBDAAE0077A5A9 /* Main.storyboard */ = {
			isa = PBXVariantGroup;
			children = (
				E98A50391DCBDAAE0077A5A9 /* Base */,
			);
			name = Main.storyboard;
			sourceTree = "<group>";
		};
		E98A503D1DCBDAAE0077A5A9 /* LaunchScreen.storyboard */ = {
			isa = PBXVariantGroup;
			children = (
				E98A503E1DCBDAAE0077A5A9 /* Base */,
			);
			name = LaunchScreen.storyboard;
			sourceTree = "<group>";
		};
/* End PBXVariantGroup section */

/* Begin XCBuildConfiguration section */
		E98A504C1DCBDAAE0077A5A9 /* Debug */ = {
			isa = XCBuildConfiguration;
			buildSettings = {
				ALWAYS_SEARCH_USER_PATHS = NO;
				CLANG_ANALYZER_NONNULL = YES;
				CLANG_CXX_LANGUAGE_STANDARD = "gnu++0x";
				CLANG_CXX_LIBRARY = "libc++";
				CLANG_ENABLE_MODULES = YES;
				CLANG_ENABLE_OBJC_ARC = YES;
				CLANG_WARN_BOOL_CONVERSION = YES;
				CLANG_WARN_CONSTANT_CONVERSION = YES;
				CLANG_WARN_DIRECT_OBJC_ISA_USAGE = YES_ERROR;
				CLANG_WARN_DOCUMENTATION_COMMENTS = YES;
				CLANG_WARN_EMPTY_BODY = YES;
				CLANG_WARN_ENUM_CONVERSION = YES;
				CLANG_WARN_INFINITE_RECURSION = YES;
				CLANG_WARN_INT_CONVERSION = YES;
				CLANG_WARN_OBJC_ROOT_CLASS = YES_ERROR;
				CLANG_WARN_SUSPICIOUS_MOVES = YES;
				CLANG_WARN_UNREACHABLE_CODE = YES;
				CLANG_WARN__DUPLICATE_METHOD_MATCH = YES;
				"CODE_SIGN_IDENTITY[sdk=iphoneos*]" = "iPhone Developer";
				COPY_PHASE_STRIP = NO;
				DEBUG_INFORMATION_FORMAT = dwarf;
				ENABLE_STRICT_OBJC_MSGSEND = YES;
				ENABLE_TESTABILITY = YES;
				GCC_C_LANGUAGE_STANDARD = gnu99;
				GCC_DYNAMIC_NO_PIC = NO;
				GCC_NO_COMMON_BLOCKS = YES;
				GCC_OPTIMIZATION_LEVEL = 0;
				GCC_PREPROCESSOR_DEFINITIONS = (
					"DEBUG=1",
					"$(inherited)",
				);
				GCC_WARN_64_TO_32_BIT_CONVERSION = YES;
				GCC_WARN_ABOUT_RETURN_TYPE = YES_ERROR;
				GCC_WARN_UNDECLARED_SELECTOR = YES;
				GCC_WARN_UNINITIALIZED_AUTOS = YES_AGGRESSIVE;
				GCC_WARN_UNUSED_FUNCTION = YES;
				GCC_WARN_UNUSED_VARIABLE = YES;
				IPHONEOS_DEPLOYMENT_TARGET = 10.0;
				MTL_ENABLE_DEBUG_INFO = YES;
				ONLY_ACTIVE_ARCH = YES;
				SDKROOT = iphoneos;
				SWIFT_ACTIVE_COMPILATION_CONDITIONS = DEBUG;
				SWIFT_OPTIMIZATION_LEVEL = "-Onone";
			};
			name = Debug;
		};
		E98A504D1DCBDAAE0077A5A9 /* Release */ = {
			isa = XCBuildConfiguration;
			buildSettings = {
				ALWAYS_SEARCH_USER_PATHS = NO;
				CLANG_ANALYZER_NONNULL = YES;
				CLANG_CXX_LANGUAGE_STANDARD = "gnu++0x";
				CLANG_CXX_LIBRARY = "libc++";
				CLANG_ENABLE_MODULES = YES;
				CLANG_ENABLE_OBJC_ARC = YES;
				CLANG_WARN_BOOL_CONVERSION = YES;
				CLANG_WARN_CONSTANT_CONVERSION = YES;
				CLANG_WARN_DIRECT_OBJC_ISA_USAGE = YES_ERROR;
				CLANG_WARN_DOCUMENTATION_COMMENTS = YES;
				CLANG_WARN_EMPTY_BODY = YES;
				CLANG_WARN_ENUM_CONVERSION = YES;
				CLANG_WARN_INFINITE_RECURSION = YES;
				CLANG_WARN_INT_CONVERSION = YES;
				CLANG_WARN_OBJC_ROOT_CLASS = YES_ERROR;
				CLANG_WARN_SUSPICIOUS_MOVES = YES;
				CLANG_WARN_UNREACHABLE_CODE = YES;
				CLANG_WARN__DUPLICATE_METHOD_MATCH = YES;
				"CODE_SIGN_IDENTITY[sdk=iphoneos*]" = "iPhone Developer";
				COPY_PHASE_STRIP = NO;
				DEBUG_INFORMATION_FORMAT = "dwarf-with-dsym";
				ENABLE_NS_ASSERTIONS = NO;
				ENABLE_STRICT_OBJC_MSGSEND = YES;
				GCC_C_LANGUAGE_STANDARD = gnu99;
				GCC_NO_COMMON_BLOCKS = YES;
				GCC_WARN_64_TO_32_BIT_CONVERSION = YES;
				GCC_WARN_ABOUT_RETURN_TYPE = YES_ERROR;
				GCC_WARN_UNDECLARED_SELECTOR = YES;
				GCC_WARN_UNINITIALIZED_AUTOS = YES_AGGRESSIVE;
				GCC_WARN_UNUSED_FUNCTION = YES;
				GCC_WARN_UNUSED_VARIABLE = YES;
				IPHONEOS_DEPLOYMENT_TARGET = 10.0;
				MTL_ENABLE_DEBUG_INFO = NO;
				SDKROOT = iphoneos;
				SWIFT_OPTIMIZATION_LEVEL = "-Owholemodule";
				VALIDATE_PRODUCT = YES;
			};
			name = Release;
		};
		E98A504F1DCBDAAE0077A5A9 /* Debug */ = {
			isa = XCBuildConfiguration;
			baseConfigurationReference = FBEE4D6EB2571D7DA6609CDF /* Pods-HappySwiftInstaClient.debug.xcconfig */;
			buildSettings = {
				ASSETCATALOG_COMPILER_APPICON_NAME = AppIcon;
				INFOPLIST_FILE = HappySwiftInstaClient/Info.plist;
				LD_RUNPATH_SEARCH_PATHS = "$(inherited) @executable_path/Frameworks";
				PRODUCT_BUNDLE_IDENTIFIER = com.paveln.HappySwiftInstaClient;
				PRODUCT_NAME = "$(TARGET_NAME)";
				SWIFT_VERSION = 3.0;
			};
			name = Debug;
		};
		E98A50501DCBDAAE0077A5A9 /* Release */ = {
			isa = XCBuildConfiguration;
			baseConfigurationReference = 1AB4CE2E79AB9D05C7FC7A14 /* Pods-HappySwiftInstaClient.release.xcconfig */;
			buildSettings = {
				ASSETCATALOG_COMPILER_APPICON_NAME = AppIcon;
				INFOPLIST_FILE = HappySwiftInstaClient/Info.plist;
				LD_RUNPATH_SEARCH_PATHS = "$(inherited) @executable_path/Frameworks";
				PRODUCT_BUNDLE_IDENTIFIER = com.paveln.HappySwiftInstaClient;
				PRODUCT_NAME = "$(TARGET_NAME)";
				SWIFT_VERSION = 3.0;
			};
			name = Release;
		};
		E98A50521DCBDAAE0077A5A9 /* Debug */ = {
			isa = XCBuildConfiguration;
			baseConfigurationReference = 38F39B39160F26509EE11AE0 /* Pods-HappySwiftInstaClientTests.debug.xcconfig */;
			buildSettings = {
				BUNDLE_LOADER = "$(TEST_HOST)";
				INFOPLIST_FILE = HappySwiftInstaClientTests/Info.plist;
				LD_RUNPATH_SEARCH_PATHS = "$(inherited) @executable_path/Frameworks @loader_path/Frameworks";
				PRODUCT_BUNDLE_IDENTIFIER = com.paveln.HappySwiftInstaClientTests;
				PRODUCT_NAME = "$(TARGET_NAME)";
				SWIFT_VERSION = 3.0;
				TEST_HOST = "$(BUILT_PRODUCTS_DIR)/HappySwiftInstaClient.app/HappySwiftInstaClient";
			};
			name = Debug;
		};
		E98A50531DCBDAAE0077A5A9 /* Release */ = {
			isa = XCBuildConfiguration;
			baseConfigurationReference = A0A0B9BB408121A6279D3207 /* Pods-HappySwiftInstaClientTests.release.xcconfig */;
			buildSettings = {
				BUNDLE_LOADER = "$(TEST_HOST)";
				INFOPLIST_FILE = HappySwiftInstaClientTests/Info.plist;
				LD_RUNPATH_SEARCH_PATHS = "$(inherited) @executable_path/Frameworks @loader_path/Frameworks";
				PRODUCT_BUNDLE_IDENTIFIER = com.paveln.HappySwiftInstaClientTests;
				PRODUCT_NAME = "$(TARGET_NAME)";
				SWIFT_VERSION = 3.0;
				TEST_HOST = "$(BUILT_PRODUCTS_DIR)/HappySwiftInstaClient.app/HappySwiftInstaClient";
			};
			name = Release;
		};
/* End XCBuildConfiguration section */

/* Begin XCConfigurationList section */
		E98A502C1DCBDAAD0077A5A9 /* Build configuration list for PBXProject "HappySwiftInstaClient" */ = {
			isa = XCConfigurationList;
			buildConfigurations = (
				E98A504C1DCBDAAE0077A5A9 /* Debug */,
				E98A504D1DCBDAAE0077A5A9 /* Release */,
			);
			defaultConfigurationIsVisible = 0;
			defaultConfigurationName = Release;
		};
		E98A504E1DCBDAAE0077A5A9 /* Build configuration list for PBXNativeTarget "HappySwiftInstaClient" */ = {
			isa = XCConfigurationList;
			buildConfigurations = (
				E98A504F1DCBDAAE0077A5A9 /* Debug */,
				E98A50501DCBDAAE0077A5A9 /* Release */,
			);
			defaultConfigurationIsVisible = 0;
			defaultConfigurationName = Release;
		};
		E98A50511DCBDAAE0077A5A9 /* Build configuration list for PBXNativeTarget "HappySwiftInstaClientTests" */ = {
			isa = XCConfigurationList;
			buildConfigurations = (
				E98A50521DCBDAAE0077A5A9 /* Debug */,
				E98A50531DCBDAAE0077A5A9 /* Release */,
			);
			defaultConfigurationIsVisible = 0;
			defaultConfigurationName = Release;
		};
/* End XCConfigurationList section */
	};
	rootObject = E98A50291DCBDAAD0077A5A9 /* Project object */;
}
